{
    "_readme": [
        "This file locks the dependencies of your project to a known state",
        "Read more about it at https://getcomposer.org/doc/01-basic-usage.md#composer-lock-the-lock-file",
        "This file is @generated automatically"
    ],
    "content-hash": "3fa0aeafa8f04dda82ec6d0920746719",
    "packages": [
        {
            "name": "composer/installers",
            "version": "v1.5.0",
            "source": {
                "type": "git",
                "url": "https://github.com/composer/installers.git",
                "reference": "049797d727261bf27f2690430d935067710049c2"
            },
            "dist": {
                "type": "zip",
                "url": "https://api.github.com/repos/composer/installers/zipball/049797d727261bf27f2690430d935067710049c2",
                "reference": "049797d727261bf27f2690430d935067710049c2",
                "shasum": ""
            },
            "require": {
                "composer-plugin-api": "^1.0"
            },
            "replace": {
                "roundcube/plugin-installer": "*",
                "shama/baton": "*"
            },
            "require-dev": {
                "composer/composer": "1.0.*@dev",
                "phpunit/phpunit": "^4.8.36"
            },
            "type": "composer-plugin",
            "extra": {
                "class": "Composer\\Installers\\Plugin",
                "branch-alias": {
                    "dev-master": "1.0-dev"
                }
            },
            "autoload": {
                "psr-4": {
                    "Composer\\Installers\\": "src/Composer/Installers"
                }
            },
            "notification-url": "https://packagist.org/downloads/",
            "license": [
                "MIT"
            ],
            "authors": [
                {
                    "name": "Kyle Robinson Young",
                    "email": "kyle@dontkry.com",
                    "homepage": "https://github.com/shama"
                }
            ],
            "description": "A multi-framework Composer library installer",
            "homepage": "https://composer.github.io/installers/",
            "keywords": [
                "Craft",
                "Dolibarr",
                "Eliasis",
                "Hurad",
                "ImageCMS",
                "Kanboard",
                "Lan Management System",
                "MODX Evo",
                "Mautic",
                "Maya",
                "OXID",
                "Plentymarkets",
                "Porto",
                "RadPHP",
                "SMF",
                "Thelia",
                "WolfCMS",
                "agl",
                "aimeos",
                "annotatecms",
                "attogram",
                "bitrix",
                "cakephp",
                "chef",
                "cockpit",
                "codeigniter",
                "concrete5",
                "croogo",
                "dokuwiki",
                "drupal",
                "eZ Platform",
                "elgg",
                "expressionengine",
                "fuelphp",
                "grav",
                "installer",
                "itop",
                "joomla",
                "kohana",
                "laravel",
                "lavalite",
                "lithium",
                "magento",
                "majima",
                "mako",
                "mediawiki",
                "modulework",
                "modx",
                "moodle",
                "osclass",
                "phpbb",
                "piwik",
                "ppi",
                "puppet",
                "pxcms",
                "reindex",
                "roundcube",
                "shopware",
                "silverstripe",
                "sydes",
                "symfony",
                "typo3",
                "wordpress",
                "yawik",
                "zend",
                "zikula"
            ],
            "time": "2017-12-29T09:13:20+00:00"
        },
        {
            "name": "psycle-wordpress/wordpress-core-installer",
            "version": "1.1.0",
            "source": {
                "type": "git",
                "url": "https://github.com/Psycle/wordpress-core-installer.git",
                "reference": "36b9a26a299ec93e5cb662a596c0e66894dd5eb7"
            },
            "dist": {
                "type": "zip",
                "url": "https://api.github.com/repos/Psycle/wordpress-core-installer/zipball/36b9a26a299ec93e5cb662a596c0e66894dd5eb7",
                "reference": "36b9a26a299ec93e5cb662a596c0e66894dd5eb7",
                "shasum": ""
            },
            "require": {
                "composer-plugin-api": "^1.0",
                "composer/installers": "@stable"
            },
            "conflict": {
                "composer/installers": "<1.0.6"
            },
            "replace": {
                "johnpbloch/wordpress-core-installer": "*"
            },
            "require-dev": {
                "composer/composer": "1.0.*@dev"
            },
            "type": "composer-plugin",
            "extra": {
                "class": "psycle\\Composer\\WordPressCorePlugin"
            },
            "autoload": {
                "psr-0": {
                    "psycle\\Composer\\": "src/"
                }
            },
            "notification-url": "https://packagist.org/downloads/",
            "license": [
                "GPL-2.0+"
            ],
            "authors": [
                {
                    "name": "James Robinson",
                    "email": "james.robinson@psycle.com"
                }
            ],
            "description": "A custom installer to handle deploying WordPress with composer",
            "keywords": [
                "wordpress"
            ],
            "time": "2016-02-19T10:51:45+00:00"
        },
        {
            "name": "wordpress/wordpress",
            "version": "4.9.4",
            "source": {
                "type": "git",
                "url": "https://github.com/WordPress/WordPress.git",
                "reference": "4.9.4"
            },
            "replace": {
                "johnpbloch/wordpress": "*"
            },
            "type": "wordpress-core"
        },
        {
            "name": "wpackagist-plugin/akismet",
            "version": "3.3.2",
            "source": {
                "type": "svn",
                "url": "https://plugins.svn.wordpress.org/akismet/",
                "reference": "tags/3.3.2"
            },
            "dist": {
                "type": "zip",
                "url": "https://downloads.wordpress.org/plugin/akismet.3.3.2.zip",
                "reference": null,
                "shasum": null
            },
            "require": {
                "composer/installers": "~1.0"
            },
            "type": "wordpress-plugin",
            "homepage": "https://wordpress.org/plugins/akismet/"
        },
        {
            "name": "wpackagist-plugin/awesome-weather",
            "version": "1.5.10",
            "source": {
                "type": "svn",
                "url": "https://plugins.svn.wordpress.org/awesome-weather/",
                "reference": "tags/1.5.10"
            },
            "dist": {
                "type": "zip",
                "url": "https://downloads.wordpress.org/plugin/awesome-weather.1.5.10.zip",
                "reference": null,
                "shasum": null
            },
            "require": {
                "composer/installers": "~1.0"
            },
            "type": "wordpress-plugin",
            "homepage": "https://wordpress.org/plugins/awesome-weather/"
        },
        {
            "name": "wpackagist-plugin/buddypress",
            "version": "2.8.2",
            "source": {
                "type": "svn",
                "url": "https://plugins.svn.wordpress.org/buddypress/",
                "reference": "tags/2.8.2"
            },
            "dist": {
                "type": "zip",
                "url": "https://downloads.wordpress.org/plugin/buddypress.2.8.2.zip",
                "reference": null,
                "shasum": null
            },
            "require": {
                "composer/installers": "~1.0"
            },
            "type": "wordpress-plugin",
            "homepage": "https://wordpress.org/plugins/buddypress/"
        },
        {
            "name": "wpackagist-plugin/cookie-notice",
            "version": "1.2.38",
            "source": {
                "type": "svn",
                "url": "https://plugins.svn.wordpress.org/cookie-notice/",
                "reference": "tags/1.2.38"
            },
            "dist": {
                "type": "zip",
                "url": "https://downloads.wordpress.org/plugin/cookie-notice.1.2.38.zip",
                "reference": null,
                "shasum": null
            },
            "require": {
                "composer/installers": "~1.0"
            },
            "type": "wordpress-plugin",
            "homepage": "https://wordpress.org/plugins/cookie-notice/"
        },
        {
            "name": "wpackagist-plugin/events-manager",
            "version": "5.7.3",
            "source": {
                "type": "svn",
                "url": "https://plugins.svn.wordpress.org/events-manager/",
                "reference": "tags/5.7.3"
            },
            "dist": {
                "type": "zip",
                "url": "https://downloads.wordpress.org/plugin/events-manager.5.7.3.zip",
                "reference": null,
                "shasum": null
            },
            "require": {
                "composer/installers": "~1.0"
            },
            "type": "wordpress-plugin",
            "homepage": "https://wordpress.org/plugins/events-manager/"
        },
        {
            "name": "wpackagist-plugin/import-users-from-csv-with-meta",
            "version": "1.10.6.5",
            "source": {
                "type": "svn",
                "url": "https://plugins.svn.wordpress.org/import-users-from-csv-with-meta/",
                "reference": "tags/1.10.6.5"
            },
            "dist": {
                "type": "zip",
                "url": "https://downloads.wordpress.org/plugin/import-users-from-csv-with-meta.1.10.6.5.zip",
                "reference": null,
                "shasum": null
            },
            "require": {
                "composer/installers": "~1.0"
            },
            "type": "wordpress-plugin",
            "homepage": "https://wordpress.org/plugins/import-users-from-csv-with-meta/"
        },
        {
            "name": "wpackagist-plugin/jetpack",
            "version": "5.0",
            "source": {
                "type": "svn",
                "url": "https://plugins.svn.wordpress.org/jetpack/",
                "reference": "tags/5.0"
            },
            "dist": {
                "type": "zip",
                "url": "https://downloads.wordpress.org/plugin/jetpack.5.0.zip",
                "reference": null,
                "shasum": null
            },
            "require": {
                "composer/installers": "~1.0"
            },
            "type": "wordpress-plugin",
            "homepage": "https://wordpress.org/plugins/jetpack/"
        },
        {
            "name": "wpackagist-plugin/mailgun",
            "version": "1.5.8.2",
            "source": {
                "type": "svn",
                "url": "https://plugins.svn.wordpress.org/mailgun/",
                "reference": "tags/1.5.8.2"
            },
            "dist": {
                "type": "zip",
                "url": "https://downloads.wordpress.org/plugin/mailgun.1.5.8.2.zip",
                "reference": null,
                "shasum": null
            },
            "require": {
                "composer/installers": "~1.0"
            },
            "type": "wordpress-plugin",
            "homepage": "https://wordpress.org/plugins/mailgun/"
        },
        {
            "name": "wpackagist-plugin/netcam-live-stream",
            "version": "1.0.5",
            "source": {
                "type": "svn",
                "url": "https://plugins.svn.wordpress.org/netcam-live-stream/",
                "reference": "tags/1.0.5"
            },
            "dist": {
                "type": "zip",
                "url": "https://downloads.wordpress.org/plugin/netcam-live-stream.1.0.5.zip",
                "reference": null,
                "shasum": null
            },
            "require": {
                "composer/installers": "~1.0"
            },
            "type": "wordpress-plugin",
            "homepage": "https://wordpress.org/plugins/netcam-live-stream/"
        },
        {
            "name": "wpackagist-plugin/restrict-content-by-role",
            "version": "3.5.6",
            "source": {
                "type": "svn",
                "url": "https://plugins.svn.wordpress.org/restrict-content-by-role/",
                "reference": "tags/3.5.6"
            },
            "dist": {
                "type": "zip",
                "url": "https://downloads.wordpress.org/plugin/restrict-content-by-role.3.5.6.zip",
                "reference": null,
                "shasum": null
            },
            "require": {
                "composer/installers": "~1.0"
            },
            "type": "wordpress-plugin",
            "homepage": "https://wordpress.org/plugins/restrict-content-by-role/"
        },
        {
            "name": "wpackagist-plugin/theme-my-login",
            "version": "6.4.9",
            "source": {
                "type": "svn",
                "url": "https://plugins.svn.wordpress.org/theme-my-login/",
                "reference": "tags/6.4.9"
            },
            "dist": {
                "type": "zip",
                "url": "https://downloads.wordpress.org/plugin/theme-my-login.6.4.9.zip",
                "reference": null,
                "shasum": null
            },
            "require": {
                "composer/installers": "~1.0"
            },
            "type": "wordpress-plugin",
            "homepage": "https://wordpress.org/plugins/theme-my-login/"
        },
        {
            "name": "wpackagist-plugin/user-role-editor",
            "version": "4.35",
            "source": {
                "type": "svn",
                "url": "https://plugins.svn.wordpress.org/user-role-editor/",
                "reference": "tags/4.35"
            },
            "dist": {
                "type": "zip",
                "url": "https://downloads.wordpress.org/plugin/user-role-editor.4.35.zip",
                "reference": null,
                "shasum": null
            },
            "require": {
                "composer/installers": "~1.0"
            },
            "type": "wordpress-plugin",
            "homepage": "https://wordpress.org/plugins/user-role-editor/"
        },
        {
            "name": "wpackagist-plugin/visual-form-builder",
            "version": "2.9.2",
            "source": {
                "type": "svn",
                "url": "https://plugins.svn.wordpress.org/visual-form-builder/",
                "reference": "tags/2.9.2"
            },
            "dist": {
                "type": "zip",
                "url": "https://downloads.wordpress.org/plugin/visual-form-builder.2.9.2.zip",
                "reference": null,
                "shasum": null
            },
            "require": {
                "composer/installers": "~1.0"
            },
            "type": "wordpress-plugin",
            "homepage": "https://wordpress.org/plugins/visual-form-builder/"
        },
        {
            "name": "wpackagist-plugin/wordpress-seo",
            "version": "4.9",
            "source": {
                "type": "svn",
                "url": "https://plugins.svn.wordpress.org/wordpress-seo/",
                "reference": "tags/4.9"
            },
            "dist": {
                "type": "zip",
                "url": "https://downloads.wordpress.org/plugin/wordpress-seo.4.9.zip",
                "reference": null,
                "shasum": null
            },
            "require": {
                "composer/installers": "~1.0"
            },
            "type": "wordpress-plugin",
            "homepage": "https://wordpress.org/plugins/wordpress-seo/"
        },
        {
            "name": "wpackagist-theme/smartline-lite",
            "version": "1.4.4",
            "source": {
                "type": "svn",
                "url": "https://themes.svn.wordpress.org/smartline-lite/",
                "reference": "1.4.4"
            },
            "dist": {
                "type": "zip",
                "url": "https://downloads.wordpress.org/theme/smartline-lite.1.4.4.zip",
                "reference": null,
                "shasum": null
            },
            "require": {
                "composer/installers": "~1.0"
            },
            "type": "wordpress-theme",
            "homepage": "https://wordpress.org/themes/smartline-lite/"
        }
    ],
    "packages-dev": [],
    "aliases": [],
    "minimum-stability": "stable",
    "stability-flags": [],
    "prefer-stable": false,
    "prefer-lowest": false,
    "platform": [],
    "platform-dev": []
}
